// !$*UTF8*$!
{
	archiveVersion = 1;
	classes = {
	};
	objectVersion = 46;
	objects = {

/* Begin PBXBuildFile section */
		2411AD061F052CFB00910051 /* UserProfileTableViewCell.xib in Resources */ = {isa = PBXBuildFile; fileRef = 2411AD051F052CFB00910051 /* UserProfileTableViewCell.xib */; };
		2411AD081F052E5D00910051 /* UserProfileWithButtonsTableViewCell.xib in Resources */ = {isa = PBXBuildFile; fileRef = 2411AD071F052E5D00910051 /* UserProfileWithButtonsTableViewCell.xib */; };
		2411AD111F053CA600910051 /* SelfPage.storyboard in Resources */ = {isa = PBXBuildFile; fileRef = 2411AD0F1F053CA600910051 /* SelfPage.storyboard */; };
		2411AD131F053F0900910051 /* HomePage.storyboard in Resources */ = {isa = PBXBuildFile; fileRef = 2411AD121F053F0900910051 /* HomePage.storyboard */; };
		2411AD151F05406000910051 /* ArticlePage.storyboard in Resources */ = {isa = PBXBuildFile; fileRef = 2411AD141F05406000910051 /* ArticlePage.storyboard */; };
		2411AD191F05417600910051 /* QuestionAnswerPage.storyboard in Resources */ = {isa = PBXBuildFile; fileRef = 2411AD181F05417600910051 /* QuestionAnswerPage.storyboard */; };
		2411AD1B1F05423C00910051 /* PostPages.storyboard in Resources */ = {isa = PBXBuildFile; fileRef = 2411AD1A1F05423C00910051 /* PostPages.storyboard */; };
		2411AD1D1F05432900910051 /* LoginSignupPage.storyboard in Resources */ = {isa = PBXBuildFile; fileRef = 2411AD1C1F05432900910051 /* LoginSignupPage.storyboard */; };
		2443A6691F02064C0032BEB9 /* MomentHomePageTableViewCell.xib in Resources */ = {isa = PBXBuildFile; fileRef = 2443A6681F02064C0032BEB9 /* MomentHomePageTableViewCell.xib */; };
		2443A6751F03530A0032BEB9 /* MomentCommentTableViewCell.xib in Resources */ = {isa = PBXBuildFile; fileRef = 2443A6741F03530A0032BEB9 /* MomentCommentTableViewCell.xib */; };
		24A14CEE1F03599100967F45 /* ArticleHomePageTableViewCell.xib in Resources */ = {isa = PBXBuildFile; fileRef = 24A14CED1F03599100967F45 /* ArticleHomePageTableViewCell.xib */; };
		24A14CF01F03599F00967F45 /* QuestionHomePageTableViewCell.xib in Resources */ = {isa = PBXBuildFile; fileRef = 24A14CEF1F03599F00967F45 /* QuestionHomePageTableViewCell.xib */; };
		24A14CF21F03EA6900967F45 /* AnswerHomePageTableViewCell.xib in Resources */ = {isa = PBXBuildFile; fileRef = 24A14CF11F03EA6900967F45 /* AnswerHomePageTableViewCell.xib */; };
		24EFC6861F05DE110005A52D /* MomentPostViewController.swift in Sources */ = {isa = PBXBuildFile; fileRef = 24EFC6851F05DE110005A52D /* MomentPostViewController.swift */; };
		24EFC68D1F05F1560005A52D /* ImagePostCollectionViewCell.swift in Sources */ = {isa = PBXBuildFile; fileRef = 24EFC68C1F05F1560005A52D /* ImagePostCollectionViewCell.swift */; };
		24EFC6931F0677BC0005A52D /* MomentHomePageTableViewCell.swift in Sources */ = {isa = PBXBuildFile; fileRef = 24EFC6921F0677BC0005A52D /* MomentHomePageTableViewCell.swift */; };
		24F7F4391F04864A001A0FFA /* ArticlePageTableViewCell.xib in Resources */ = {isa = PBXBuildFile; fileRef = 24F7F4381F04864A001A0FFA /* ArticlePageTableViewCell.xib */; };
		24F7F43B1F04894E001A0FFA /* AnswerTableViewCell.xib in Resources */ = {isa = PBXBuildFile; fileRef = 24F7F43A1F04894E001A0FFA /* AnswerTableViewCell.xib */; };
		24F7F43D1F048A57001A0FFA /* QuestionTableViewCell.xib in Resources */ = {isa = PBXBuildFile; fileRef = 24F7F43C1F048A57001A0FFA /* QuestionTableViewCell.xib */; };
		24F7F43F1F048D14001A0FFA /* QuestionDetailTableViewCell.xib in Resources */ = {isa = PBXBuildFile; fileRef = 24F7F43E1F048D14001A0FFA /* QuestionDetailTableViewCell.xib */; };
		24F7F4411F0490E4001A0FFA /* AnswerDetailTableViewCell.xib in Resources */ = {isa = PBXBuildFile; fileRef = 24F7F4401F0490E4001A0FFA /* AnswerDetailTableViewCell.xib */; };
		24F7F4431F0492B3001A0FFA /* ArticleAnswerCommentTableViewCell.xib in Resources */ = {isa = PBXBuildFile; fileRef = 24F7F4421F0492B3001A0FFA /* ArticleAnswerCommentTableViewCell.xib */; };
		24F7F4451F04973E001A0FFA /* MomentNotificationTableViewCell.xib in Resources */ = {isa = PBXBuildFile; fileRef = 24F7F4441F04973E001A0FFA /* MomentNotificationTableViewCell.xib */; };
		24F7F4471F049855001A0FFA /* MessageNotificationTableViewCell.xib in Resources */ = {isa = PBXBuildFile; fileRef = 24F7F4461F049855001A0FFA /* MessageNotificationTableViewCell.xib */; };
		24F7F4491F049974001A0FFA /* QuestionNotificationTableViewCell.xib in Resources */ = {isa = PBXBuildFile; fileRef = 24F7F4481F049974001A0FFA /* QuestionNotificationTableViewCell.xib */; };
		24F7F44C1F049C47001A0FFA /* AnswerNotificationTableViewCell.xib in Resources */ = {isa = PBXBuildFile; fileRef = 24F7F44B1F049C47001A0FFA /* AnswerNotificationTableViewCell.xib */; };
		24F7F4521F049EC7001A0FFA /* ArticleUserPageTableViewCell.xib in Resources */ = {isa = PBXBuildFile; fileRef = 24F7F4511F049EC7001A0FFA /* ArticleUserPageTableViewCell.xib */; };
		24F7F4541F049F4A001A0FFA /* ArticleProfilePageTableViewCell.xib in Resources */ = {isa = PBXBuildFile; fileRef = 24F7F4531F049F4A001A0FFA /* ArticleProfilePageTableViewCell.xib */; };
		24F7F4571F04A4BE001A0FFA /* UserPageRecordTableViewCell.xib in Resources */ = {isa = PBXBuildFile; fileRef = 24F7F4561F04A4BE001A0FFA /* UserPageRecordTableViewCell.xib */; };
		24F7F4591F04A72E001A0FFA /* QuestionRecordTableViewCell.xib in Resources */ = {isa = PBXBuildFile; fileRef = 24F7F4581F04A72E001A0FFA /* QuestionRecordTableViewCell.xib */; };
		24F7F45B1F04A76E001A0FFA /* AnswerRecordTableViewCell.xib in Resources */ = {isa = PBXBuildFile; fileRef = 24F7F45A1F04A76E001A0FFA /* AnswerRecordTableViewCell.xib */; };
		24F7F45D1F04A7C4001A0FFA /* MomentRecordTableViewCell.xib in Resources */ = {isa = PBXBuildFile; fileRef = 24F7F45C1F04A7C4001A0FFA /* MomentRecordTableViewCell.xib */; };
		24F7F45F1F04A87E001A0FFA /* ArticleRecordTableViewCell.xib in Resources */ = {isa = PBXBuildFile; fileRef = 24F7F45E1F04A87E001A0FFA /* ArticleRecordTableViewCell.xib */; };
		24F7F4611F04A996001A0FFA /* UserRecordTableViewCell.xib in Resources */ = {isa = PBXBuildFile; fileRef = 24F7F4601F04A996001A0FFA /* UserRecordTableViewCell.xib */; };
		24F7F4651F04FAF8001A0FFA /* PostTypePicker.xib in Resources */ = {isa = PBXBuildFile; fileRef = 24F7F4641F04FAF8001A0FFA /* PostTypePicker.xib */; };
		56B7293EE5F94719A447731F /* Pods_MeowUITests.framework in Frameworks */ = {isa = PBXBuildFile; fileRef = 1186F1CE3D8690900D00F2C5 /* Pods_MeowUITests.framework */; };
		BF390A451F01700500555B93 /* MeowAPI.swift in Sources */ = {isa = PBXBuildFile; fileRef = BF390A441F01700500555B93 /* MeowAPI.swift */; };
		BF390A471F01702D00555B93 /* Networking.swift in Sources */ = {isa = PBXBuildFile; fileRef = BF390A461F01702D00555B93 /* Networking.swift */; };
		BF390A491F01704B00555B93 /* NetworkLogger.swift in Sources */ = {isa = PBXBuildFile; fileRef = BF390A481F01704B00555B93 /* NetworkLogger.swift */; };
		BF390A4B1F01F58500555B93 /* JSONConvertible.swift in Sources */ = {isa = PBXBuildFile; fileRef = BF390A4A1F01F58500555B93 /* JSONConvertible.swift */; };
		BF390A4D1F01FBFD00555B93 /* GlobalFunctions.swift in Sources */ = {isa = PBXBuildFile; fileRef = BF390A4C1F01FBFD00555B93 /* GlobalFunctions.swift */; };
		BF390A4F1F01FCE500555B93 /* Logger.swift in Sources */ = {isa = PBXBuildFile; fileRef = BF390A4E1F01FCE500555B93 /* Logger.swift */; };
		BF390A511F02053A00555B93 /* Token.swift in Sources */ = {isa = PBXBuildFile; fileRef = BF390A501F02053A00555B93 /* Token.swift */; };
		BF390A551F021A5C00555B93 /* TokenTests.swift in Sources */ = {isa = PBXBuildFile; fileRef = BF390A541F021A5C00555B93 /* TokenTests.swift */; };
		BF44D3781F05D60900A137E6 /* Media.swift in Sources */ = {isa = PBXBuildFile; fileRef = BF44D3771F05D60900A137E6 /* Media.swift */; };
		BF44D37C1F062AEF00A137E6 /* MainViewController.swift in Sources */ = {isa = PBXBuildFile; fileRef = BF44D37B1F062AEF00A137E6 /* MainViewController.swift */; };
		BF44D3801F06312600A137E6 /* BannerViewCell.swift in Sources */ = {isa = PBXBuildFile; fileRef = BF44D37F1F06312600A137E6 /* BannerViewCell.swift */; };
		BF78783D1F00F2C9000FB7C6 /* AppDelegate.swift in Sources */ = {isa = PBXBuildFile; fileRef = BF78783C1F00F2C9000FB7C6 /* AppDelegate.swift */; };
		BF7878421F00F2C9000FB7C6 /* Main.storyboard in Resources */ = {isa = PBXBuildFile; fileRef = BF7878401F00F2C9000FB7C6 /* Main.storyboard */; };
		BF7878441F00F2C9000FB7C6 /* Assets.xcassets in Resources */ = {isa = PBXBuildFile; fileRef = BF7878431F00F2C9000FB7C6 /* Assets.xcassets */; };
		BF7878471F00F2C9000FB7C6 /* LaunchScreen.storyboard in Resources */ = {isa = PBXBuildFile; fileRef = BF7878451F00F2C9000FB7C6 /* LaunchScreen.storyboard */; };
		BF78785D1F00F2C9000FB7C6 /* MeowUITests.swift in Sources */ = {isa = PBXBuildFile; fileRef = BF78785C1F00F2C9000FB7C6 /* MeowUITests.swift */; };
		BF78786C1F01007D000FB7C6 /* HomeViewController.swift in Sources */ = {isa = PBXBuildFile; fileRef = BF78786B1F01007D000FB7C6 /* HomeViewController.swift */; };
		BF78786E1F0100D4000FB7C6 /* ArticleViewController.swift in Sources */ = {isa = PBXBuildFile; fileRef = BF78786D1F0100D4000FB7C6 /* ArticleViewController.swift */; };
		BF7878701F0100EC000FB7C6 /* QuestionViewController.swift in Sources */ = {isa = PBXBuildFile; fileRef = BF78786F1F0100EC000FB7C6 /* QuestionViewController.swift */; };
		BF7878741F01010F000FB7C6 /* MyViewController.swift in Sources */ = {isa = PBXBuildFile; fileRef = BF7878731F01010F000FB7C6 /* MyViewController.swift */; };
		BF7878761F010178000FB7C6 /* LoginViewController.swift in Sources */ = {isa = PBXBuildFile; fileRef = BF7878751F010178000FB7C6 /* LoginViewController.swift */; };
		BF9E75DF1F03AB6C00723541 /* R.generated.swift in Sources */ = {isa = PBXBuildFile; fileRef = BF9E75DE1F03AB6C00723541 /* R.generated.swift */; };
		BFE11D381F010AF200EED963 /* (null) in Resources */ = {isa = PBXBuildFile; };
		BFF139591F025163006DF489 /* Observable+MapTo.swift in Sources */ = {isa = PBXBuildFile; fileRef = BFF139581F025163006DF489 /* Observable+MapTo.swift */; };
		BFF1395F1F02C089006DF489 /* SMSExtention.swift in Sources */ = {isa = PBXBuildFile; fileRef = BFF1395E1F02C089006DF489 /* SMSExtention.swift */; };
		BFF139611F034053006DF489 /* SignupViewController.swift in Sources */ = {isa = PBXBuildFile; fileRef = BFF139601F034053006DF489 /* SignupViewController.swift */; };
		C22E101695374861866E64E5 /* Pods_MeowTests.framework in Frameworks */ = {isa = PBXBuildFile; fileRef = 3612EC24166F9C122D5CDCC1 /* Pods_MeowTests.framework */; };
		D97B34FA1F05DCC300BCB027 /* Item.swift in Sources */ = {isa = PBXBuildFile; fileRef = D97B34F91F05DCC300BCB027 /* Item.swift */; };
		D97B34FC1F05DEF500BCB027 /* Profile.swift in Sources */ = {isa = PBXBuildFile; fileRef = D97B34FB1F05DEF400BCB027 /* Profile.swift */; };
		D97B34FE1F05E9C300BCB027 /* Moment.swift in Sources */ = {isa = PBXBuildFile; fileRef = D97B34FD1F05E9C300BCB027 /* Moment.swift */; };
		D97B35001F061A9100BCB027 /* Article.swift in Sources */ = {isa = PBXBuildFile; fileRef = D97B34FF1F061A9100BCB027 /* Article.swift */; };
		D97B35021F061C7200BCB027 /* Banner.swift in Sources */ = {isa = PBXBuildFile; fileRef = D97B35011F061C7200BCB027 /* Banner.swift */; };
		D97B35041F06245600BCB027 /* Answer.swift in Sources */ = {isa = PBXBuildFile; fileRef = D97B35031F06245600BCB027 /* Answer.swift */; };
		D97B35081F067E7D00BCB027 /* ArticlePageTableViewCell.swift in Sources */ = {isa = PBXBuildFile; fileRef = D97B35071F067E7D00BCB027 /* ArticlePageTableViewCell.swift */; };
		D97B350A1F0A11C900BCB027 /* ArticleHomePageTableViewCell.swift in Sources */ = {isa = PBXBuildFile; fileRef = D97B35091F0A11C900BCB027 /* ArticleHomePageTableViewCell.swift */; };
		D97B350F1F0A12B100BCB027 /* QuestionHomePageTableViewCell.swift in Sources */ = {isa = PBXBuildFile; fileRef = D97B350E1F0A12B100BCB027 /* QuestionHomePageTableViewCell.swift */; };
		D97B35121F0A133300BCB027 /* AnswerHomePageTableViewCell.swift in Sources */ = {isa = PBXBuildFile; fileRef = D97B35111F0A133300BCB027 /* AnswerHomePageTableViewCell.swift */; };
		F766C86074602285186EC72F /* Pods_Meow.framework in Frameworks */ = {isa = PBXBuildFile; fileRef = 1F6E60B8501B878CBD0FCF4C /* Pods_Meow.framework */; };
/* End PBXBuildFile section */

/* Begin PBXContainerItemProxy section */
		BF78784E1F00F2C9000FB7C6 /* PBXContainerItemProxy */ = {
			isa = PBXContainerItemProxy;
			containerPortal = BF7878311F00F2C9000FB7C6 /* Project object */;
			proxyType = 1;
			remoteGlobalIDString = BF7878381F00F2C9000FB7C6;
			remoteInfo = Meow;
		};
		BF7878591F00F2C9000FB7C6 /* PBXContainerItemProxy */ = {
			isa = PBXContainerItemProxy;
			containerPortal = BF7878311F00F2C9000FB7C6 /* Project object */;
			proxyType = 1;
			remoteGlobalIDString = BF7878381F00F2C9000FB7C6;
			remoteInfo = Meow;
		};
/* End PBXContainerItemProxy section */

/* Begin PBXFileReference section */
		1186F1CE3D8690900D00F2C5 /* Pods_MeowUITests.framework */ = {isa = PBXFileReference; explicitFileType = wrapper.framework; includeInIndex = 0; path = Pods_MeowUITests.framework; sourceTree = BUILT_PRODUCTS_DIR; };
		1F6E60B8501B878CBD0FCF4C /* Pods_Meow.framework */ = {isa = PBXFileReference; explicitFileType = wrapper.framework; includeInIndex = 0; path = Pods_Meow.framework; sourceTree = BUILT_PRODUCTS_DIR; };
		2411AD051F052CFB00910051 /* UserProfileTableViewCell.xib */ = {isa = PBXFileReference; fileEncoding = 4; lastKnownFileType = file.xib; path = UserProfileTableViewCell.xib; sourceTree = "<group>"; };
		2411AD071F052E5D00910051 /* UserProfileWithButtonsTableViewCell.xib */ = {isa = PBXFileReference; fileEncoding = 4; lastKnownFileType = file.xib; path = UserProfileWithButtonsTableViewCell.xib; sourceTree = "<group>"; };
		2411AD101F053CA600910051 /* Base */ = {isa = PBXFileReference; lastKnownFileType = file.storyboard; name = Base; path = Base.lproj/SelfPage.storyboard; sourceTree = "<group>"; };
		2411AD121F053F0900910051 /* HomePage.storyboard */ = {isa = PBXFileReference; fileEncoding = 4; lastKnownFileType = file.storyboard; path = HomePage.storyboard; sourceTree = "<group>"; };
		2411AD141F05406000910051 /* ArticlePage.storyboard */ = {isa = PBXFileReference; fileEncoding = 4; lastKnownFileType = file.storyboard; path = ArticlePage.storyboard; sourceTree = "<group>"; };
		2411AD181F05417600910051 /* QuestionAnswerPage.storyboard */ = {isa = PBXFileReference; fileEncoding = 4; lastKnownFileType = file.storyboard; path = QuestionAnswerPage.storyboard; sourceTree = "<group>"; };
		2411AD1A1F05423C00910051 /* PostPages.storyboard */ = {isa = PBXFileReference; fileEncoding = 4; lastKnownFileType = file.storyboard; path = PostPages.storyboard; sourceTree = "<group>"; };
		2411AD1C1F05432900910051 /* LoginSignupPage.storyboard */ = {isa = PBXFileReference; fileEncoding = 4; lastKnownFileType = file.storyboard; path = LoginSignupPage.storyboard; sourceTree = "<group>"; };
		2443A6681F02064C0032BEB9 /* MomentHomePageTableViewCell.xib */ = {isa = PBXFileReference; fileEncoding = 4; lastKnownFileType = file.xib; path = MomentHomePageTableViewCell.xib; sourceTree = "<group>"; };
		2443A6741F03530A0032BEB9 /* MomentCommentTableViewCell.xib */ = {isa = PBXFileReference; fileEncoding = 4; lastKnownFileType = file.xib; path = MomentCommentTableViewCell.xib; sourceTree = "<group>"; };
		24A14CED1F03599100967F45 /* ArticleHomePageTableViewCell.xib */ = {isa = PBXFileReference; fileEncoding = 4; lastKnownFileType = file.xib; path = ArticleHomePageTableViewCell.xib; sourceTree = "<group>"; };
		24A14CEF1F03599F00967F45 /* QuestionHomePageTableViewCell.xib */ = {isa = PBXFileReference; fileEncoding = 4; lastKnownFileType = file.xib; path = QuestionHomePageTableViewCell.xib; sourceTree = "<group>"; };
		24A14CF11F03EA6900967F45 /* AnswerHomePageTableViewCell.xib */ = {isa = PBXFileReference; fileEncoding = 4; lastKnownFileType = file.xib; path = AnswerHomePageTableViewCell.xib; sourceTree = "<group>"; };
		24EFC6851F05DE110005A52D /* MomentPostViewController.swift */ = {isa = PBXFileReference; fileEncoding = 4; lastKnownFileType = sourcecode.swift; path = MomentPostViewController.swift; sourceTree = "<group>"; };
		24EFC68C1F05F1560005A52D /* ImagePostCollectionViewCell.swift */ = {isa = PBXFileReference; fileEncoding = 4; lastKnownFileType = sourcecode.swift; path = ImagePostCollectionViewCell.swift; sourceTree = "<group>"; };
		24EFC6921F0677BC0005A52D /* MomentHomePageTableViewCell.swift */ = {isa = PBXFileReference; fileEncoding = 4; lastKnownFileType = sourcecode.swift; path = MomentHomePageTableViewCell.swift; sourceTree = "<group>"; };
		24F7F4381F04864A001A0FFA /* ArticlePageTableViewCell.xib */ = {isa = PBXFileReference; fileEncoding = 4; lastKnownFileType = file.xib; path = ArticlePageTableViewCell.xib; sourceTree = "<group>"; };
		24F7F43A1F04894E001A0FFA /* AnswerTableViewCell.xib */ = {isa = PBXFileReference; fileEncoding = 4; lastKnownFileType = file.xib; path = AnswerTableViewCell.xib; sourceTree = "<group>"; };
		24F7F43C1F048A57001A0FFA /* QuestionTableViewCell.xib */ = {isa = PBXFileReference; fileEncoding = 4; lastKnownFileType = file.xib; path = QuestionTableViewCell.xib; sourceTree = "<group>"; };
		24F7F43E1F048D14001A0FFA /* QuestionDetailTableViewCell.xib */ = {isa = PBXFileReference; fileEncoding = 4; lastKnownFileType = file.xib; path = QuestionDetailTableViewCell.xib; sourceTree = "<group>"; };
		24F7F4401F0490E4001A0FFA /* AnswerDetailTableViewCell.xib */ = {isa = PBXFileReference; fileEncoding = 4; lastKnownFileType = file.xib; path = AnswerDetailTableViewCell.xib; sourceTree = "<group>"; };
		24F7F4421F0492B3001A0FFA /* ArticleAnswerCommentTableViewCell.xib */ = {isa = PBXFileReference; fileEncoding = 4; lastKnownFileType = file.xib; path = ArticleAnswerCommentTableViewCell.xib; sourceTree = "<group>"; };
		24F7F4441F04973E001A0FFA /* MomentNotificationTableViewCell.xib */ = {isa = PBXFileReference; fileEncoding = 4; lastKnownFileType = file.xib; path = MomentNotificationTableViewCell.xib; sourceTree = "<group>"; };
		24F7F4461F049855001A0FFA /* MessageNotificationTableViewCell.xib */ = {isa = PBXFileReference; fileEncoding = 4; lastKnownFileType = file.xib; path = MessageNotificationTableViewCell.xib; sourceTree = "<group>"; };
		24F7F4481F049974001A0FFA /* QuestionNotificationTableViewCell.xib */ = {isa = PBXFileReference; fileEncoding = 4; lastKnownFileType = file.xib; path = QuestionNotificationTableViewCell.xib; sourceTree = "<group>"; };
		24F7F44B1F049C47001A0FFA /* AnswerNotificationTableViewCell.xib */ = {isa = PBXFileReference; fileEncoding = 4; lastKnownFileType = file.xib; path = AnswerNotificationTableViewCell.xib; sourceTree = "<group>"; };
		24F7F4511F049EC7001A0FFA /* ArticleUserPageTableViewCell.xib */ = {isa = PBXFileReference; fileEncoding = 4; lastKnownFileType = file.xib; path = ArticleUserPageTableViewCell.xib; sourceTree = "<group>"; };
		24F7F4531F049F4A001A0FFA /* ArticleProfilePageTableViewCell.xib */ = {isa = PBXFileReference; fileEncoding = 4; lastKnownFileType = file.xib; path = ArticleProfilePageTableViewCell.xib; sourceTree = "<group>"; };
		24F7F4561F04A4BE001A0FFA /* UserPageRecordTableViewCell.xib */ = {isa = PBXFileReference; fileEncoding = 4; lastKnownFileType = file.xib; path = UserPageRecordTableViewCell.xib; sourceTree = "<group>"; };
		24F7F4581F04A72E001A0FFA /* QuestionRecordTableViewCell.xib */ = {isa = PBXFileReference; fileEncoding = 4; lastKnownFileType = file.xib; path = QuestionRecordTableViewCell.xib; sourceTree = "<group>"; };
		24F7F45A1F04A76E001A0FFA /* AnswerRecordTableViewCell.xib */ = {isa = PBXFileReference; fileEncoding = 4; lastKnownFileType = file.xib; path = AnswerRecordTableViewCell.xib; sourceTree = "<group>"; };
		24F7F45C1F04A7C4001A0FFA /* MomentRecordTableViewCell.xib */ = {isa = PBXFileReference; fileEncoding = 4; lastKnownFileType = file.xib; path = MomentRecordTableViewCell.xib; sourceTree = "<group>"; };
		24F7F45E1F04A87E001A0FFA /* ArticleRecordTableViewCell.xib */ = {isa = PBXFileReference; fileEncoding = 4; lastKnownFileType = file.xib; path = ArticleRecordTableViewCell.xib; sourceTree = "<group>"; };
		24F7F4601F04A996001A0FFA /* UserRecordTableViewCell.xib */ = {isa = PBXFileReference; fileEncoding = 4; lastKnownFileType = file.xib; path = UserRecordTableViewCell.xib; sourceTree = "<group>"; };
		24F7F4641F04FAF8001A0FFA /* PostTypePicker.xib */ = {isa = PBXFileReference; fileEncoding = 4; lastKnownFileType = file.xib; path = PostTypePicker.xib; sourceTree = "<group>"; };
		3612EC24166F9C122D5CDCC1 /* Pods_MeowTests.framework */ = {isa = PBXFileReference; explicitFileType = wrapper.framework; includeInIndex = 0; path = Pods_MeowTests.framework; sourceTree = BUILT_PRODUCTS_DIR; };
		8858B54026EC68FEB34336F5 /* Pods-MeowUITests.release.xcconfig */ = {isa = PBXFileReference; includeInIndex = 1; lastKnownFileType = text.xcconfig; name = "Pods-MeowUITests.release.xcconfig"; path = "Pods/Target Support Files/Pods-MeowUITests/Pods-MeowUITests.release.xcconfig"; sourceTree = "<group>"; };
		A08DD2E53506F36693AD12C5 /* Pods-MeowTests.debug.xcconfig */ = {isa = PBXFileReference; includeInIndex = 1; lastKnownFileType = text.xcconfig; name = "Pods-MeowTests.debug.xcconfig"; path = "Pods/Target Support Files/Pods-MeowTests/Pods-MeowTests.debug.xcconfig"; sourceTree = "<group>"; };
		BF390A441F01700500555B93 /* MeowAPI.swift */ = {isa = PBXFileReference; fileEncoding = 4; lastKnownFileType = sourcecode.swift; path = MeowAPI.swift; sourceTree = "<group>"; };
		BF390A461F01702D00555B93 /* Networking.swift */ = {isa = PBXFileReference; fileEncoding = 4; lastKnownFileType = sourcecode.swift; path = Networking.swift; sourceTree = "<group>"; };
		BF390A481F01704B00555B93 /* NetworkLogger.swift */ = {isa = PBXFileReference; fileEncoding = 4; lastKnownFileType = sourcecode.swift; path = NetworkLogger.swift; sourceTree = "<group>"; };
		BF390A4A1F01F58500555B93 /* JSONConvertible.swift */ = {isa = PBXFileReference; fileEncoding = 4; lastKnownFileType = sourcecode.swift; path = JSONConvertible.swift; sourceTree = "<group>"; };
		BF390A4C1F01FBFD00555B93 /* GlobalFunctions.swift */ = {isa = PBXFileReference; fileEncoding = 4; lastKnownFileType = sourcecode.swift; path = GlobalFunctions.swift; sourceTree = "<group>"; };
		BF390A4E1F01FCE500555B93 /* Logger.swift */ = {isa = PBXFileReference; fileEncoding = 4; lastKnownFileType = sourcecode.swift; path = Logger.swift; sourceTree = "<group>"; };
		BF390A501F02053A00555B93 /* Token.swift */ = {isa = PBXFileReference; fileEncoding = 4; lastKnownFileType = sourcecode.swift; path = Token.swift; sourceTree = "<group>"; };
		BF390A541F021A5C00555B93 /* TokenTests.swift */ = {isa = PBXFileReference; fileEncoding = 4; lastKnownFileType = sourcecode.swift; path = TokenTests.swift; sourceTree = "<group>"; };
		BF44D3771F05D60900A137E6 /* Media.swift */ = {isa = PBXFileReference; fileEncoding = 4; lastKnownFileType = sourcecode.swift; path = Media.swift; sourceTree = "<group>"; };
		BF44D37B1F062AEF00A137E6 /* MainViewController.swift */ = {isa = PBXFileReference; fileEncoding = 4; lastKnownFileType = sourcecode.swift; path = MainViewController.swift; sourceTree = "<group>"; };
		BF44D37F1F06312600A137E6 /* BannerViewCell.swift */ = {isa = PBXFileReference; fileEncoding = 4; lastKnownFileType = sourcecode.swift; path = BannerViewCell.swift; sourceTree = "<group>"; };
		BF7878391F00F2C9000FB7C6 /* Meow.app */ = {isa = PBXFileReference; explicitFileType = wrapper.application; includeInIndex = 0; path = Meow.app; sourceTree = BUILT_PRODUCTS_DIR; };
		BF78783C1F00F2C9000FB7C6 /* AppDelegate.swift */ = {isa = PBXFileReference; lastKnownFileType = sourcecode.swift; path = AppDelegate.swift; sourceTree = "<group>"; };
		BF7878411F00F2C9000FB7C6 /* Base */ = {isa = PBXFileReference; lastKnownFileType = file.storyboard; name = Base; path = Base.lproj/Main.storyboard; sourceTree = "<group>"; };
		BF7878431F00F2C9000FB7C6 /* Assets.xcassets */ = {isa = PBXFileReference; lastKnownFileType = folder.assetcatalog; path = Assets.xcassets; sourceTree = "<group>"; };
		BF7878461F00F2C9000FB7C6 /* Base */ = {isa = PBXFileReference; lastKnownFileType = file.storyboard; name = Base; path = Base.lproj/LaunchScreen.storyboard; sourceTree = "<group>"; };
		BF7878481F00F2C9000FB7C6 /* Info.plist */ = {isa = PBXFileReference; lastKnownFileType = text.plist.xml; path = Info.plist; sourceTree = "<group>"; };
		BF78784D1F00F2C9000FB7C6 /* MeowTests.xctest */ = {isa = PBXFileReference; explicitFileType = wrapper.cfbundle; includeInIndex = 0; path = MeowTests.xctest; sourceTree = BUILT_PRODUCTS_DIR; };
		BF7878531F00F2C9000FB7C6 /* Info.plist */ = {isa = PBXFileReference; lastKnownFileType = text.plist.xml; path = Info.plist; sourceTree = "<group>"; };
		BF7878581F00F2C9000FB7C6 /* MeowUITests.xctest */ = {isa = PBXFileReference; explicitFileType = wrapper.cfbundle; includeInIndex = 0; path = MeowUITests.xctest; sourceTree = BUILT_PRODUCTS_DIR; };
		BF78785C1F00F2C9000FB7C6 /* MeowUITests.swift */ = {isa = PBXFileReference; lastKnownFileType = sourcecode.swift; path = MeowUITests.swift; sourceTree = "<group>"; };
		BF78785E1F00F2C9000FB7C6 /* Info.plist */ = {isa = PBXFileReference; lastKnownFileType = text.plist.xml; path = Info.plist; sourceTree = "<group>"; };
		BF78786B1F01007D000FB7C6 /* HomeViewController.swift */ = {isa = PBXFileReference; fileEncoding = 4; lastKnownFileType = sourcecode.swift; path = HomeViewController.swift; sourceTree = "<group>"; };
		BF78786D1F0100D4000FB7C6 /* ArticleViewController.swift */ = {isa = PBXFileReference; fileEncoding = 4; lastKnownFileType = sourcecode.swift; path = ArticleViewController.swift; sourceTree = "<group>"; };
		BF78786F1F0100EC000FB7C6 /* QuestionViewController.swift */ = {isa = PBXFileReference; fileEncoding = 4; lastKnownFileType = sourcecode.swift; path = QuestionViewController.swift; sourceTree = "<group>"; };
		BF7878731F01010F000FB7C6 /* MyViewController.swift */ = {isa = PBXFileReference; fileEncoding = 4; lastKnownFileType = sourcecode.swift; path = MyViewController.swift; sourceTree = "<group>"; };
		BF7878751F010178000FB7C6 /* LoginViewController.swift */ = {isa = PBXFileReference; fileEncoding = 4; lastKnownFileType = sourcecode.swift; path = LoginViewController.swift; sourceTree = "<group>"; };
		BF9E75DE1F03AB6C00723541 /* R.generated.swift */ = {isa = PBXFileReference; fileEncoding = 4; lastKnownFileType = sourcecode.swift; path = R.generated.swift; sourceTree = SOURCE_ROOT; };
		BFF139581F025163006DF489 /* Observable+MapTo.swift */ = {isa = PBXFileReference; fileEncoding = 4; lastKnownFileType = sourcecode.swift; path = "Observable+MapTo.swift"; sourceTree = "<group>"; };
		BFF1395B1F02ADCA006DF489 /* Meow-Bridge.h */ = {isa = PBXFileReference; lastKnownFileType = sourcecode.c.h; path = "Meow-Bridge.h"; sourceTree = "<group>"; };
		BFF1395E1F02C089006DF489 /* SMSExtention.swift */ = {isa = PBXFileReference; fileEncoding = 4; lastKnownFileType = sourcecode.swift; path = SMSExtention.swift; sourceTree = "<group>"; };
		BFF139601F034053006DF489 /* SignupViewController.swift */ = {isa = PBXFileReference; fileEncoding = 4; lastKnownFileType = sourcecode.swift; path = SignupViewController.swift; sourceTree = "<group>"; };
		CA79F670B8B78BFA429DA2B5 /* Pods-MeowTests.release.xcconfig */ = {isa = PBXFileReference; includeInIndex = 1; lastKnownFileType = text.xcconfig; name = "Pods-MeowTests.release.xcconfig"; path = "Pods/Target Support Files/Pods-MeowTests/Pods-MeowTests.release.xcconfig"; sourceTree = "<group>"; };
		D3373C17F9AC2E37EA35D5CF /* Pods-MeowUITests.debug.xcconfig */ = {isa = PBXFileReference; includeInIndex = 1; lastKnownFileType = text.xcconfig; name = "Pods-MeowUITests.debug.xcconfig"; path = "Pods/Target Support Files/Pods-MeowUITests/Pods-MeowUITests.debug.xcconfig"; sourceTree = "<group>"; };
		D97B34F91F05DCC300BCB027 /* Item.swift */ = {isa = PBXFileReference; fileEncoding = 4; lastKnownFileType = sourcecode.swift; path = Item.swift; sourceTree = "<group>"; };
		D97B34FB1F05DEF400BCB027 /* Profile.swift */ = {isa = PBXFileReference; fileEncoding = 4; lastKnownFileType = sourcecode.swift; path = Profile.swift; sourceTree = "<group>"; };
		D97B34FD1F05E9C300BCB027 /* Moment.swift */ = {isa = PBXFileReference; fileEncoding = 4; lastKnownFileType = sourcecode.swift; path = Moment.swift; sourceTree = "<group>"; };
		D97B34FF1F061A9100BCB027 /* Article.swift */ = {isa = PBXFileReference; fileEncoding = 4; lastKnownFileType = sourcecode.swift; path = Article.swift; sourceTree = "<group>"; };
		D97B35011F061C7200BCB027 /* Banner.swift */ = {isa = PBXFileReference; fileEncoding = 4; lastKnownFileType = sourcecode.swift; path = Banner.swift; sourceTree = "<group>"; };
		D97B35031F06245600BCB027 /* Answer.swift */ = {isa = PBXFileReference; fileEncoding = 4; lastKnownFileType = sourcecode.swift; path = Answer.swift; sourceTree = "<group>"; };
		D97B35051F0624AF00BCB027 /* Question.swift */ = {isa = PBXFileReference; fileEncoding = 4; lastKnownFileType = sourcecode.swift; path = Question.swift; sourceTree = "<group>"; };
		D97B35071F067E7D00BCB027 /* ArticlePageTableViewCell.swift */ = {isa = PBXFileReference; fileEncoding = 4; lastKnownFileType = sourcecode.swift; path = ArticlePageTableViewCell.swift; sourceTree = "<group>"; };
		D97B35091F0A11C900BCB027 /* ArticleHomePageTableViewCell.swift */ = {isa = PBXFileReference; fileEncoding = 4; lastKnownFileType = sourcecode.swift; path = ArticleHomePageTableViewCell.swift; sourceTree = "<group>"; };
		D97B350E1F0A12B100BCB027 /* QuestionHomePageTableViewCell.swift */ = {isa = PBXFileReference; fileEncoding = 4; lastKnownFileType = sourcecode.swift; path = QuestionHomePageTableViewCell.swift; sourceTree = "<group>"; };
		D97B35111F0A133300BCB027 /* AnswerHomePageTableViewCell.swift */ = {isa = PBXFileReference; fileEncoding = 4; lastKnownFileType = sourcecode.swift; path = AnswerHomePageTableViewCell.swift; sourceTree = "<group>"; };
		F4EAF4C51299AB8CB42357F2 /* Pods-Meow.release.xcconfig */ = {isa = PBXFileReference; includeInIndex = 1; lastKnownFileType = text.xcconfig; name = "Pods-Meow.release.xcconfig"; path = "Pods/Target Support Files/Pods-Meow/Pods-Meow.release.xcconfig"; sourceTree = "<group>"; };
		F7F285DE9E9D46F1E363EF9D /* Pods-Meow.debug.xcconfig */ = {isa = PBXFileReference; includeInIndex = 1; lastKnownFileType = text.xcconfig; name = "Pods-Meow.debug.xcconfig"; path = "Pods/Target Support Files/Pods-Meow/Pods-Meow.debug.xcconfig"; sourceTree = "<group>"; };
/* End PBXFileReference section */

/* Begin PBXFrameworksBuildPhase section */
		BF7878361F00F2C9000FB7C6 /* Frameworks */ = {
			isa = PBXFrameworksBuildPhase;
			buildActionMask = 2147483647;
			files = (
				F766C86074602285186EC72F /* Pods_Meow.framework in Frameworks */,
			);
			runOnlyForDeploymentPostprocessing = 0;
		};
		BF78784A1F00F2C9000FB7C6 /* Frameworks */ = {
			isa = PBXFrameworksBuildPhase;
			buildActionMask = 2147483647;
			files = (
				C22E101695374861866E64E5 /* Pods_MeowTests.framework in Frameworks */,
			);
			runOnlyForDeploymentPostprocessing = 0;
		};
		BF7878551F00F2C9000FB7C6 /* Frameworks */ = {
			isa = PBXFrameworksBuildPhase;
			buildActionMask = 2147483647;
			files = (
				56B7293EE5F94719A447731F /* Pods_MeowUITests.framework in Frameworks */,
			);
			runOnlyForDeploymentPostprocessing = 0;
		};
/* End PBXFrameworksBuildPhase section */

/* Begin PBXGroup section */
		24EFC6841F05D9940005A52D /* Storyboard */ = {
			isa = PBXGroup;
			children = (
				BF7878451F00F2C9000FB7C6 /* LaunchScreen.storyboard */,
				BF7878401F00F2C9000FB7C6 /* Main.storyboard */,
				2411AD121F053F0900910051 /* HomePage.storyboard */,
				2411AD141F05406000910051 /* ArticlePage.storyboard */,
				2411AD181F05417600910051 /* QuestionAnswerPage.storyboard */,
				2411AD0F1F053CA600910051 /* SelfPage.storyboard */,
				2411AD1A1F05423C00910051 /* PostPages.storyboard */,
				2411AD1C1F05432900910051 /* LoginSignupPage.storyboard */,
			);
			name = Storyboard;
			sourceTree = "<group>";
		};
		24EFC6871F05DEA70005A52D /* Post Controller */ = {
			isa = PBXGroup;
			children = (
				24EFC6851F05DE110005A52D /* MomentPostViewController.swift */,
			);
			name = "Post Controller";
			sourceTree = "<group>";
		};
		24F7F44A1F04997F001A0FFA /* Nofication Cell */ = {
			isa = PBXGroup;
			children = (
				24F7F4461F049855001A0FFA /* MessageNotificationTableViewCell.xib */,
				24F7F4441F04973E001A0FFA /* MomentNotificationTableViewCell.xib */,
				24F7F4481F049974001A0FFA /* QuestionNotificationTableViewCell.xib */,
				24F7F44B1F049C47001A0FFA /* AnswerNotificationTableViewCell.xib */,
			);
			name = "Nofication Cell";
			sourceTree = "<group>";
		};
		24F7F44D1F049DA7001A0FFA /* Answer Cell */ = {
			isa = PBXGroup;
			children = (
				24F7F4401F0490E4001A0FFA /* AnswerDetailTableViewCell.xib */,
				24A14CF11F03EA6900967F45 /* AnswerHomePageTableViewCell.xib */,
				24F7F43A1F04894E001A0FFA /* AnswerTableViewCell.xib */,
			);
			name = "Answer Cell";
			sourceTree = "<group>";
		};
		24F7F44E1F049DB6001A0FFA /* Article Cell */ = {
			isa = PBXGroup;
			children = (
				24A14CED1F03599100967F45 /* ArticleHomePageTableViewCell.xib */,
				24F7F4381F04864A001A0FFA /* ArticlePageTableViewCell.xib */,
				D97B35071F067E7D00BCB027 /* ArticlePageTableViewCell.swift */,
				24F7F4511F049EC7001A0FFA /* ArticleUserPageTableViewCell.xib */,
				24F7F4531F049F4A001A0FFA /* ArticleProfilePageTableViewCell.xib */,
			);
			name = "Article Cell";
			sourceTree = "<group>";
		};
		24F7F44F1F049DBF001A0FFA /* Moment Cell */ = {
			isa = PBXGroup;
			children = (
				2443A6741F03530A0032BEB9 /* MomentCommentTableViewCell.xib */,
				2443A6681F02064C0032BEB9 /* MomentHomePageTableViewCell.xib */,
			);
			name = "Moment Cell";
			sourceTree = "<group>";
		};
		24F7F4501F049DC7001A0FFA /* Question Cell */ = {
			isa = PBXGroup;
			children = (
				24F7F43E1F048D14001A0FFA /* QuestionDetailTableViewCell.xib */,
				24A14CEF1F03599F00967F45 /* QuestionHomePageTableViewCell.xib */,
				24F7F43C1F048A57001A0FFA /* QuestionTableViewCell.xib */,
			);
			name = "Question Cell";
			sourceTree = "<group>";
		};
		24F7F4551F04A496001A0FFA /* Record/Search Cell */ = {
			isa = PBXGroup;
			children = (
				24F7F4561F04A4BE001A0FFA /* UserPageRecordTableViewCell.xib */,
				24F7F4581F04A72E001A0FFA /* QuestionRecordTableViewCell.xib */,
				24F7F45A1F04A76E001A0FFA /* AnswerRecordTableViewCell.xib */,
				24F7F45C1F04A7C4001A0FFA /* MomentRecordTableViewCell.xib */,
				24F7F45E1F04A87E001A0FFA /* ArticleRecordTableViewCell.xib */,
				24F7F4601F04A996001A0FFA /* UserRecordTableViewCell.xib */,
			);
			name = "Record/Search Cell";
			sourceTree = "<group>";
		};
		BF390A421F016F8500555B93 /* API */ = {
			isa = PBXGroup;
			children = (
				BF390A441F01700500555B93 /* MeowAPI.swift */,
				BF390A461F01702D00555B93 /* Networking.swift */,
				BF390A481F01704B00555B93 /* NetworkLogger.swift */,
			);
			name = API;
			sourceTree = "<group>";
		};
		BF390A431F016FAE00555B93 /* Model */ = {
			isa = PBXGroup;
			children = (
				BF390A4A1F01F58500555B93 /* JSONConvertible.swift */,
				D97B34FF1F061A9100BCB027 /* Article.swift */,
				BF390A501F02053A00555B93 /* Token.swift */,
				BF44D3771F05D60900A137E6 /* Media.swift */,
				D97B34F91F05DCC300BCB027 /* Item.swift */,
				D97B34FB1F05DEF400BCB027 /* Profile.swift */,
				D97B34FD1F05E9C300BCB027 /* Moment.swift */,
				D97B35011F061C7200BCB027 /* Banner.swift */,
				D97B35031F06245600BCB027 /* Answer.swift */,
				D97B35051F0624AF00BCB027 /* Question.swift */,
			);
			name = Model;
			sourceTree = "<group>";
		};
		BF7878301F00F2C9000FB7C6 = {
			isa = PBXGroup;
			children = (
				BF78783B1F00F2C9000FB7C6 /* Meow */,
				BF7878501F00F2C9000FB7C6 /* MeowTests */,
				BF78785B1F00F2C9000FB7C6 /* MeowUITests */,
				BF78783A1F00F2C9000FB7C6 /* Products */,
				E5592E69551A053E14EE330B /* Pods */,
				CF107B246708526B0BB79552 /* Frameworks */,
			);
			sourceTree = "<group>";
		};
		BF78783A1F00F2C9000FB7C6 /* Products */ = {
			isa = PBXGroup;
			children = (
				BF7878391F00F2C9000FB7C6 /* Meow.app */,
				BF78784D1F00F2C9000FB7C6 /* MeowTests.xctest */,
				BF7878581F00F2C9000FB7C6 /* MeowUITests.xctest */,
			);
			name = Products;
			sourceTree = "<group>";
		};
		BF78783B1F00F2C9000FB7C6 /* Meow */ = {
			isa = PBXGroup;
			children = (
				24EFC6841F05D9940005A52D /* Storyboard */,
				BF390A421F016F8500555B93 /* API */,
				BF390A431F016FAE00555B93 /* Model */,
				BFE11D351F010ADD00EED963 /* View */,
				BF78786A1F010015000FB7C6 /* View Controller */,
				BFE11D341F010A8D00EED963 /* View Model */,
				BFF1395B1F02ADCA006DF489 /* Meow-Bridge.h */,
				BF7878481F00F2C9000FB7C6 /* Info.plist */,
				BF78783C1F00F2C9000FB7C6 /* AppDelegate.swift */,
				BF390A4C1F01FBFD00555B93 /* GlobalFunctions.swift */,
				BF390A4E1F01FCE500555B93 /* Logger.swift */,
				BFF139581F025163006DF489 /* Observable+MapTo.swift */,
				BF9E75DE1F03AB6C00723541 /* R.generated.swift */,
				BFF1395E1F02C089006DF489 /* SMSExtention.swift */,
				BF7878431F00F2C9000FB7C6 /* Assets.xcassets */,
			);
			path = Meow;
			sourceTree = "<group>";
		};
		BF7878501F00F2C9000FB7C6 /* MeowTests */ = {
			isa = PBXGroup;
			children = (
				BF7878531F00F2C9000FB7C6 /* Info.plist */,
				BF390A541F021A5C00555B93 /* TokenTests.swift */,
			);
			path = MeowTests;
			sourceTree = "<group>";
		};
		BF78785B1F00F2C9000FB7C6 /* MeowUITests */ = {
			isa = PBXGroup;
			children = (
				BF78785C1F00F2C9000FB7C6 /* MeowUITests.swift */,
				BF78785E1F00F2C9000FB7C6 /* Info.plist */,
			);
			path = MeowUITests;
			sourceTree = "<group>";
		};
		BF78786A1F010015000FB7C6 /* View Controller */ = {
			isa = PBXGroup;
			children = (
				24EFC6871F05DEA70005A52D /* Post Controller */,
				BF78786D1F0100D4000FB7C6 /* ArticleViewController.swift */,
				BF78786B1F01007D000FB7C6 /* HomeViewController.swift */,
				BF78786F1F0100EC000FB7C6 /* QuestionViewController.swift */,
				BF7878731F01010F000FB7C6 /* MyViewController.swift */,
				BF7878751F010178000FB7C6 /* LoginViewController.swift */,
				BFF139601F034053006DF489 /* SignupViewController.swift */,
				BF44D37B1F062AEF00A137E6 /* MainViewController.swift */,
			);
			name = "View Controller";
			sourceTree = "<group>";
		};
		BFE11D341F010A8D00EED963 /* View Model */ = {
			isa = PBXGroup;
			children = (
				D97B35101F0A12FB00BCB027 /* Answer Cell */,
				D97B350D1F0A129C00BCB027 /* Question Cell */,
				D97B350C1F0A124200BCB027 /* Moment Cell */,
				D97B350B1F0A122E00BCB027 /* Article Cell */,
				24EFC68C1F05F1560005A52D /* ImagePostCollectionViewCell.swift */,
				BF44D37F1F06312600A137E6 /* BannerViewCell.swift */,
			);
			name = "View Model";
			sourceTree = "<group>";
		};
		BFE11D351F010ADD00EED963 /* View */ = {
			isa = PBXGroup;
			children = (
				24F7F4551F04A496001A0FFA /* Record/Search Cell */,
				24F7F44A1F04997F001A0FFA /* Nofication Cell */,
				24F7F44D1F049DA7001A0FFA /* Answer Cell */,
				24F7F44E1F049DB6001A0FFA /* Article Cell */,
				24F7F44F1F049DBF001A0FFA /* Moment Cell */,
				24F7F4501F049DC7001A0FFA /* Question Cell */,
				2411AD051F052CFB00910051 /* UserProfileTableViewCell.xib */,
				2411AD071F052E5D00910051 /* UserProfileWithButtonsTableViewCell.xib */,
				24F7F4641F04FAF8001A0FFA /* PostTypePicker.xib */,
				24F7F4421F0492B3001A0FFA /* ArticleAnswerCommentTableViewCell.xib */,
			);
			name = View;
			sourceTree = "<group>";
		};
		CF107B246708526B0BB79552 /* Frameworks */ = {
			isa = PBXGroup;
			children = (
				1F6E60B8501B878CBD0FCF4C /* Pods_Meow.framework */,
				3612EC24166F9C122D5CDCC1 /* Pods_MeowTests.framework */,
				1186F1CE3D8690900D00F2C5 /* Pods_MeowUITests.framework */,
			);
			name = Frameworks;
			sourceTree = "<group>";
		};
		D97B350B1F0A122E00BCB027 /* Article Cell */ = {
			isa = PBXGroup;
			children = (
				D97B35091F0A11C900BCB027 /* ArticleHomePageTableViewCell.swift */,
			);
			name = "Article Cell";
			sourceTree = "<group>";
		};
		D97B350C1F0A124200BCB027 /* Moment Cell */ = {
			isa = PBXGroup;
			children = (
				24EFC6921F0677BC0005A52D /* MomentHomePageTableViewCell.swift */,
			);
			name = "Moment Cell";
			sourceTree = "<group>";
		};
		D97B350D1F0A129C00BCB027 /* Question Cell */ = {
			isa = PBXGroup;
			children = (
				D97B350E1F0A12B100BCB027 /* QuestionHomePageTableViewCell.swift */,
			);
			name = "Question Cell";
			sourceTree = "<group>";
		};
		D97B35101F0A12FB00BCB027 /* Answer Cell */ = {
			isa = PBXGroup;
			children = (
				D97B35111F0A133300BCB027 /* AnswerHomePageTableViewCell.swift */,
			);
			name = "Answer Cell";
			sourceTree = "<group>";
		};
		E5592E69551A053E14EE330B /* Pods */ = {
			isa = PBXGroup;
			children = (
				F7F285DE9E9D46F1E363EF9D /* Pods-Meow.debug.xcconfig */,
				F4EAF4C51299AB8CB42357F2 /* Pods-Meow.release.xcconfig */,
				A08DD2E53506F36693AD12C5 /* Pods-MeowTests.debug.xcconfig */,
				CA79F670B8B78BFA429DA2B5 /* Pods-MeowTests.release.xcconfig */,
				D3373C17F9AC2E37EA35D5CF /* Pods-MeowUITests.debug.xcconfig */,
				8858B54026EC68FEB34336F5 /* Pods-MeowUITests.release.xcconfig */,
			);
			name = Pods;
			sourceTree = "<group>";
		};
/* End PBXGroup section */

/* Begin PBXNativeTarget section */
		BF7878381F00F2C9000FB7C6 /* Meow */ = {
			isa = PBXNativeTarget;
			buildConfigurationList = BF7878611F00F2C9000FB7C6 /* Build configuration list for PBXNativeTarget "Meow" */;
			buildPhases = (
				4CB05C235BBE5C246EF01896 /* [CP] Check Pods Manifest.lock */,
				BFE11D331F01051300EED963 /* Run Script */,
				BF7878351F00F2C9000FB7C6 /* Sources */,
				BF7878361F00F2C9000FB7C6 /* Frameworks */,
				BF7878371F00F2C9000FB7C6 /* Resources */,
				895A9BABA0B4B4A5B28212BD /* [CP] Embed Pods Frameworks */,
				B131EC3B15655776B1EF3890 /* [CP] Copy Pods Resources */,
			);
			buildRules = (
			);
			dependencies = (
			);
			name = Meow;
			productName = Meow;
			productReference = BF7878391F00F2C9000FB7C6 /* Meow.app */;
			productType = "com.apple.product-type.application";
		};
		BF78784C1F00F2C9000FB7C6 /* MeowTests */ = {
			isa = PBXNativeTarget;
			buildConfigurationList = BF7878641F00F2C9000FB7C6 /* Build configuration list for PBXNativeTarget "MeowTests" */;
			buildPhases = (
				14A94B47061292B097556D92 /* [CP] Check Pods Manifest.lock */,
				BF7878491F00F2C9000FB7C6 /* Sources */,
				BF78784A1F00F2C9000FB7C6 /* Frameworks */,
				BF78784B1F00F2C9000FB7C6 /* Resources */,
				68583F0F206C88DC4DBF1F3A /* [CP] Embed Pods Frameworks */,
				B9786AFDC0F8A153830B68D4 /* [CP] Copy Pods Resources */,
			);
			buildRules = (
			);
			dependencies = (
				BF78784F1F00F2C9000FB7C6 /* PBXTargetDependency */,
			);
			name = MeowTests;
			productName = MeowTests;
			productReference = BF78784D1F00F2C9000FB7C6 /* MeowTests.xctest */;
			productType = "com.apple.product-type.bundle.unit-test";
		};
		BF7878571F00F2C9000FB7C6 /* MeowUITests */ = {
			isa = PBXNativeTarget;
			buildConfigurationList = BF7878671F00F2C9000FB7C6 /* Build configuration list for PBXNativeTarget "MeowUITests" */;
			buildPhases = (
				D91974DE7948124C4AD07159 /* [CP] Check Pods Manifest.lock */,
				BF7878541F00F2C9000FB7C6 /* Sources */,
				BF7878551F00F2C9000FB7C6 /* Frameworks */,
				BF7878561F00F2C9000FB7C6 /* Resources */,
				B3B4C125C2819C6484D1F4FD /* [CP] Embed Pods Frameworks */,
				ED7FB77C24154327BC0B1ADF /* [CP] Copy Pods Resources */,
			);
			buildRules = (
			);
			dependencies = (
				BF78785A1F00F2C9000FB7C6 /* PBXTargetDependency */,
			);
			name = MeowUITests;
			productName = MeowUITests;
			productReference = BF7878581F00F2C9000FB7C6 /* MeowUITests.xctest */;
			productType = "com.apple.product-type.bundle.ui-testing";
		};
/* End PBXNativeTarget section */

/* Begin PBXProject section */
		BF7878311F00F2C9000FB7C6 /* Project object */ = {
			isa = PBXProject;
			attributes = {
				LastSwiftUpdateCheck = 0830;
				LastUpgradeCheck = 0830;
				ORGANIZATIONNAME = "喵喵喵的伙伴";
				TargetAttributes = {
					BF7878381F00F2C9000FB7C6 = {
						CreatedOnToolsVersion = 8.3.3;
						ProvisioningStyle = Automatic;
					};
					BF78784C1F00F2C9000FB7C6 = {
						CreatedOnToolsVersion = 8.3.3;
						ProvisioningStyle = Automatic;
						TestTargetID = BF7878381F00F2C9000FB7C6;
					};
					BF7878571F00F2C9000FB7C6 = {
						CreatedOnToolsVersion = 8.3.3;
						ProvisioningStyle = Automatic;
						TestTargetID = BF7878381F00F2C9000FB7C6;
					};
				};
			};
			buildConfigurationList = BF7878341F00F2C9000FB7C6 /* Build configuration list for PBXProject "Meow" */;
			compatibilityVersion = "Xcode 3.2";
			developmentRegion = English;
			hasScannedForEncodings = 0;
			knownRegions = (
				en,
				Base,
			);
			mainGroup = BF7878301F00F2C9000FB7C6;
			productRefGroup = BF78783A1F00F2C9000FB7C6 /* Products */;
			projectDirPath = "";
			projectRoot = "";
			targets = (
				BF7878381F00F2C9000FB7C6 /* Meow */,
				BF78784C1F00F2C9000FB7C6 /* MeowTests */,
				BF7878571F00F2C9000FB7C6 /* MeowUITests */,
			);
		};
/* End PBXProject section */

/* Begin PBXResourcesBuildPhase section */
		BF7878371F00F2C9000FB7C6 /* Resources */ = {
			isa = PBXResourcesBuildPhase;
			buildActionMask = 2147483647;
			files = (
				24F7F44C1F049C47001A0FFA /* AnswerNotificationTableViewCell.xib in Resources */,
				24F7F4521F049EC7001A0FFA /* ArticleUserPageTableViewCell.xib in Resources */,
				24F7F4391F04864A001A0FFA /* ArticlePageTableViewCell.xib in Resources */,
				BF7878471F00F2C9000FB7C6 /* LaunchScreen.storyboard in Resources */,
				2443A6691F02064C0032BEB9 /* MomentHomePageTableViewCell.xib in Resources */,
				24F7F4651F04FAF8001A0FFA /* PostTypePicker.xib in Resources */,
				2411AD191F05417600910051 /* QuestionAnswerPage.storyboard in Resources */,
				24F7F4471F049855001A0FFA /* MessageNotificationTableViewCell.xib in Resources */,
				BF7878441F00F2C9000FB7C6 /* Assets.xcassets in Resources */,
				2411AD151F05406000910051 /* ArticlePage.storyboard in Resources */,
				24F7F4611F04A996001A0FFA /* UserRecordTableViewCell.xib in Resources */,
				24F7F4411F0490E4001A0FFA /* AnswerDetailTableViewCell.xib in Resources */,
				24F7F45B1F04A76E001A0FFA /* AnswerRecordTableViewCell.xib in Resources */,
				BF7878421F00F2C9000FB7C6 /* Main.storyboard in Resources */,
				24F7F4591F04A72E001A0FFA /* QuestionRecordTableViewCell.xib in Resources */,
				24A14CEE1F03599100967F45 /* ArticleHomePageTableViewCell.xib in Resources */,
				24F7F4491F049974001A0FFA /* QuestionNotificationTableViewCell.xib in Resources */,
				2411AD1D1F05432900910051 /* LoginSignupPage.storyboard in Resources */,
				24F7F45F1F04A87E001A0FFA /* ArticleRecordTableViewCell.xib in Resources */,
				2411AD131F053F0900910051 /* HomePage.storyboard in Resources */,
				2411AD111F053CA600910051 /* SelfPage.storyboard in Resources */,
				24A14CF01F03599F00967F45 /* QuestionHomePageTableViewCell.xib in Resources */,
				24F7F45D1F04A7C4001A0FFA /* MomentRecordTableViewCell.xib in Resources */,
				2411AD081F052E5D00910051 /* UserProfileWithButtonsTableViewCell.xib in Resources */,
				24F7F43B1F04894E001A0FFA /* AnswerTableViewCell.xib in Resources */,
				24F7F4541F049F4A001A0FFA /* ArticleProfilePageTableViewCell.xib in Resources */,
				24A14CF21F03EA6900967F45 /* AnswerHomePageTableViewCell.xib in Resources */,
				24F7F43D1F048A57001A0FFA /* QuestionTableViewCell.xib in Resources */,
				2411AD1B1F05423C00910051 /* PostPages.storyboard in Resources */,
				24F7F4571F04A4BE001A0FFA /* UserPageRecordTableViewCell.xib in Resources */,
				24F7F43F1F048D14001A0FFA /* QuestionDetailTableViewCell.xib in Resources */,
				BFE11D381F010AF200EED963 /* (null) in Resources */,
				2411AD061F052CFB00910051 /* UserProfileTableViewCell.xib in Resources */,
				2443A6751F03530A0032BEB9 /* MomentCommentTableViewCell.xib in Resources */,
				24F7F4451F04973E001A0FFA /* MomentNotificationTableViewCell.xib in Resources */,
				24F7F4431F0492B3001A0FFA /* ArticleAnswerCommentTableViewCell.xib in Resources */,
			);
			runOnlyForDeploymentPostprocessing = 0;
		};
		BF78784B1F00F2C9000FB7C6 /* Resources */ = {
			isa = PBXResourcesBuildPhase;
			buildActionMask = 2147483647;
			files = (
			);
			runOnlyForDeploymentPostprocessing = 0;
		};
		BF7878561F00F2C9000FB7C6 /* Resources */ = {
			isa = PBXResourcesBuildPhase;
			buildActionMask = 2147483647;
			files = (
			);
			runOnlyForDeploymentPostprocessing = 0;
		};
/* End PBXResourcesBuildPhase section */

/* Begin PBXShellScriptBuildPhase section */
		14A94B47061292B097556D92 /* [CP] Check Pods Manifest.lock */ = {
			isa = PBXShellScriptBuildPhase;
			buildActionMask = 2147483647;
			files = (
			);
			inputPaths = (
			);
			name = "[CP] Check Pods Manifest.lock";
			outputPaths = (
			);
			runOnlyForDeploymentPostprocessing = 0;
			shellPath = /bin/sh;
			shellScript = "diff \"${PODS_PODFILE_DIR_PATH}/Podfile.lock\" \"${PODS_ROOT}/Manifest.lock\" > /dev/null\nif [ $? != 0 ] ; then\n    # print error to STDERR\n    echo \"error: The sandbox is not in sync with the Podfile.lock. Run 'pod install' or update your CocoaPods installation.\" >&2\n    exit 1\nfi\n";
			showEnvVarsInLog = 0;
		};
		4CB05C235BBE5C246EF01896 /* [CP] Check Pods Manifest.lock */ = {
			isa = PBXShellScriptBuildPhase;
			buildActionMask = 2147483647;
			files = (
			);
			inputPaths = (
			);
			name = "[CP] Check Pods Manifest.lock";
			outputPaths = (
			);
			runOnlyForDeploymentPostprocessing = 0;
			shellPath = /bin/sh;
			shellScript = "diff \"${PODS_PODFILE_DIR_PATH}/Podfile.lock\" \"${PODS_ROOT}/Manifest.lock\" > /dev/null\nif [ $? != 0 ] ; then\n    # print error to STDERR\n    echo \"error: The sandbox is not in sync with the Podfile.lock. Run 'pod install' or update your CocoaPods installation.\" >&2\n    exit 1\nfi\n";
			showEnvVarsInLog = 0;
		};
		68583F0F206C88DC4DBF1F3A /* [CP] Embed Pods Frameworks */ = {
			isa = PBXShellScriptBuildPhase;
			buildActionMask = 2147483647;
			files = (
			);
			inputPaths = (
			);
			name = "[CP] Embed Pods Frameworks";
			outputPaths = (
			);
			runOnlyForDeploymentPostprocessing = 0;
			shellPath = /bin/sh;
			shellScript = "\"${SRCROOT}/Pods/Target Support Files/Pods-MeowTests/Pods-MeowTests-frameworks.sh\"\n";
			showEnvVarsInLog = 0;
		};
		895A9BABA0B4B4A5B28212BD /* [CP] Embed Pods Frameworks */ = {
			isa = PBXShellScriptBuildPhase;
			buildActionMask = 2147483647;
			files = (
			);
			inputPaths = (
			);
			name = "[CP] Embed Pods Frameworks";
			outputPaths = (
			);
			runOnlyForDeploymentPostprocessing = 0;
			shellPath = /bin/sh;
			shellScript = "\"${SRCROOT}/Pods/Target Support Files/Pods-Meow/Pods-Meow-frameworks.sh\"\n";
			showEnvVarsInLog = 0;
		};
		B131EC3B15655776B1EF3890 /* [CP] Copy Pods Resources */ = {
			isa = PBXShellScriptBuildPhase;
			buildActionMask = 2147483647;
			files = (
			);
			inputPaths = (
			);
			name = "[CP] Copy Pods Resources";
			outputPaths = (
			);
			runOnlyForDeploymentPostprocessing = 0;
			shellPath = /bin/sh;
			shellScript = "\"${SRCROOT}/Pods/Target Support Files/Pods-Meow/Pods-Meow-resources.sh\"\n";
			showEnvVarsInLog = 0;
		};
		B3B4C125C2819C6484D1F4FD /* [CP] Embed Pods Frameworks */ = {
			isa = PBXShellScriptBuildPhase;
			buildActionMask = 2147483647;
			files = (
			);
			inputPaths = (
			);
			name = "[CP] Embed Pods Frameworks";
			outputPaths = (
			);
			runOnlyForDeploymentPostprocessing = 0;
			shellPath = /bin/sh;
			shellScript = "\"${SRCROOT}/Pods/Target Support Files/Pods-MeowUITests/Pods-MeowUITests-frameworks.sh\"\n";
			showEnvVarsInLog = 0;
		};
		B9786AFDC0F8A153830B68D4 /* [CP] Copy Pods Resources */ = {
			isa = PBXShellScriptBuildPhase;
			buildActionMask = 2147483647;
			files = (
			);
			inputPaths = (
			);
			name = "[CP] Copy Pods Resources";
			outputPaths = (
			);
			runOnlyForDeploymentPostprocessing = 0;
			shellPath = /bin/sh;
			shellScript = "\"${SRCROOT}/Pods/Target Support Files/Pods-MeowTests/Pods-MeowTests-resources.sh\"\n";
			showEnvVarsInLog = 0;
		};
		BFE11D331F01051300EED963 /* Run Script */ = {
			isa = PBXShellScriptBuildPhase;
			buildActionMask = 2147483647;
			files = (
			);
			inputPaths = (
			);
			name = "Run Script";
			outputPaths = (
			);
			runOnlyForDeploymentPostprocessing = 0;
			shellPath = /bin/sh;
			shellScript = "\"$PODS_ROOT/R.swift/rswift\" \"$SRCROOT\"";
		};
		D91974DE7948124C4AD07159 /* [CP] Check Pods Manifest.lock */ = {
			isa = PBXShellScriptBuildPhase;
			buildActionMask = 2147483647;
			files = (
			);
			inputPaths = (
			);
			name = "[CP] Check Pods Manifest.lock";
			outputPaths = (
			);
			runOnlyForDeploymentPostprocessing = 0;
			shellPath = /bin/sh;
			shellScript = "diff \"${PODS_PODFILE_DIR_PATH}/Podfile.lock\" \"${PODS_ROOT}/Manifest.lock\" > /dev/null\nif [ $? != 0 ] ; then\n    # print error to STDERR\n    echo \"error: The sandbox is not in sync with the Podfile.lock. Run 'pod install' or update your CocoaPods installation.\" >&2\n    exit 1\nfi\n";
			showEnvVarsInLog = 0;
		};
		ED7FB77C24154327BC0B1ADF /* [CP] Copy Pods Resources */ = {
			isa = PBXShellScriptBuildPhase;
			buildActionMask = 2147483647;
			files = (
			);
			inputPaths = (
			);
			name = "[CP] Copy Pods Resources";
			outputPaths = (
			);
			runOnlyForDeploymentPostprocessing = 0;
			shellPath = /bin/sh;
			shellScript = "\"${SRCROOT}/Pods/Target Support Files/Pods-MeowUITests/Pods-MeowUITests-resources.sh\"\n";
			showEnvVarsInLog = 0;
		};
/* End PBXShellScriptBuildPhase section */

/* Begin PBXSourcesBuildPhase section */
		BF7878351F00F2C9000FB7C6 /* Sources */ = {
			isa = PBXSourcesBuildPhase;
			buildActionMask = 2147483647;
			files = (
				BF390A491F01704B00555B93 /* NetworkLogger.swift in Sources */,
				D97B35081F067E7D00BCB027 /* ArticlePageTableViewCell.swift in Sources */,
				24EFC68D1F05F1560005A52D /* ImagePostCollectionViewCell.swift in Sources */,
				BF7878701F0100EC000FB7C6 /* QuestionViewController.swift in Sources */,
				D97B34FE1F05E9C300BCB027 /* Moment.swift in Sources */,
				D97B34FA1F05DCC300BCB027 /* Item.swift in Sources */,
				24EFC6931F0677BC0005A52D /* MomentHomePageTableViewCell.swift in Sources */,
				D97B350A1F0A11C900BCB027 /* ArticleHomePageTableViewCell.swift in Sources */,
				D97B35001F061A9100BCB027 /* Article.swift in Sources */,
				BF390A4D1F01FBFD00555B93 /* GlobalFunctions.swift in Sources */,
				BF44D3801F06312600A137E6 /* BannerViewCell.swift in Sources */,
				BF78786E1F0100D4000FB7C6 /* ArticleViewController.swift in Sources */,
				BF44D37C1F062AEF00A137E6 /* MainViewController.swift in Sources */,
				D97B35041F06245600BCB027 /* Answer.swift in Sources */,
				BF390A451F01700500555B93 /* MeowAPI.swift in Sources */,
				BF390A471F01702D00555B93 /* Networking.swift in Sources */,
				24EFC6861F05DE110005A52D /* MomentPostViewController.swift in Sources */,
				BF9E75DF1F03AB6C00723541 /* R.generated.swift in Sources */,
				BFF1395F1F02C089006DF489 /* SMSExtention.swift in Sources */,
				BFF139591F025163006DF489 /* Observable+MapTo.swift in Sources */,
				BF7878741F01010F000FB7C6 /* MyViewController.swift in Sources */,
				BF7878761F010178000FB7C6 /* LoginViewController.swift in Sources */,
				BF78786C1F01007D000FB7C6 /* HomeViewController.swift in Sources */,
				D97B350F1F0A12B100BCB027 /* QuestionHomePageTableViewCell.swift in Sources */,
				BF390A4F1F01FCE500555B93 /* Logger.swift in Sources */,
				BF78783D1F00F2C9000FB7C6 /* AppDelegate.swift in Sources */,
				BF44D3781F05D60900A137E6 /* Media.swift in Sources */,
				BFF139611F034053006DF489 /* SignupViewController.swift in Sources */,
				D97B34FC1F05DEF500BCB027 /* Profile.swift in Sources */,
				D97B35021F061C7200BCB027 /* Banner.swift in Sources */,
				BF390A4B1F01F58500555B93 /* JSONConvertible.swift in Sources */,
				D97B35121F0A133300BCB027 /* AnswerHomePageTableViewCell.swift in Sources */,
				BF390A511F02053A00555B93 /* Token.swift in Sources */,
			);
			runOnlyForDeploymentPostprocessing = 0;
		};
		BF7878491F00F2C9000FB7C6 /* Sources */ = {
			isa = PBXSourcesBuildPhase;
			buildActionMask = 2147483647;
			files = (
				BF390A551F021A5C00555B93 /* TokenTests.swift in Sources */,
			);
			runOnlyForDeploymentPostprocessing = 0;
		};
		BF7878541F00F2C9000FB7C6 /* Sources */ = {
			isa = PBXSourcesBuildPhase;
			buildActionMask = 2147483647;
			files = (
				BF78785D1F00F2C9000FB7C6 /* MeowUITests.swift in Sources */,
			);
			runOnlyForDeploymentPostprocessing = 0;
		};
/* End PBXSourcesBuildPhase section */

/* Begin PBXTargetDependency section */
		BF78784F1F00F2C9000FB7C6 /* PBXTargetDependency */ = {
			isa = PBXTargetDependency;
			target = BF7878381F00F2C9000FB7C6 /* Meow */;
			targetProxy = BF78784E1F00F2C9000FB7C6 /* PBXContainerItemProxy */;
		};
		BF78785A1F00F2C9000FB7C6 /* PBXTargetDependency */ = {
			isa = PBXTargetDependency;
			target = BF7878381F00F2C9000FB7C6 /* Meow */;
			targetProxy = BF7878591F00F2C9000FB7C6 /* PBXContainerItemProxy */;
		};
/* End PBXTargetDependency section */

/* Begin PBXVariantGroup section */
		2411AD0F1F053CA600910051 /* SelfPage.storyboard */ = {
			isa = PBXVariantGroup;
			children = (
				2411AD101F053CA600910051 /* Base */,
			);
			name = SelfPage.storyboard;
			sourceTree = "<group>";
		};
		BF7878401F00F2C9000FB7C6 /* Main.storyboard */ = {
			isa = PBXVariantGroup;
			children = (
				BF7878411F00F2C9000FB7C6 /* Base */,
			);
			name = Main.storyboard;
			sourceTree = "<group>";
		};
		BF7878451F00F2C9000FB7C6 /* LaunchScreen.storyboard */ = {
			isa = PBXVariantGroup;
			children = (
				BF7878461F00F2C9000FB7C6 /* Base */,
			);
			name = LaunchScreen.storyboard;
			sourceTree = "<group>";
		};
/* End PBXVariantGroup section */

/* Begin XCBuildConfiguration section */
		BF78785F1F00F2C9000FB7C6 /* Debug */ = {
			isa = XCBuildConfiguration;
			buildSettings = {
				ALWAYS_SEARCH_USER_PATHS = NO;
				CLANG_ANALYZER_NONNULL = YES;
				CLANG_ANALYZER_NUMBER_OBJECT_CONVERSION = YES_AGGRESSIVE;
				CLANG_CXX_LANGUAGE_STANDARD = "gnu++0x";
				CLANG_CXX_LIBRARY = "libc++";
				CLANG_ENABLE_MODULES = YES;
				CLANG_ENABLE_OBJC_ARC = YES;
				CLANG_WARN_BOOL_CONVERSION = YES;
				CLANG_WARN_CONSTANT_CONVERSION = YES;
				CLANG_WARN_DIRECT_OBJC_ISA_USAGE = YES_ERROR;
				CLANG_WARN_DOCUMENTATION_COMMENTS = YES;
				CLANG_WARN_EMPTY_BODY = YES;
				CLANG_WARN_ENUM_CONVERSION = YES;
				CLANG_WARN_INFINITE_RECURSION = YES;
				CLANG_WARN_INT_CONVERSION = YES;
				CLANG_WARN_OBJC_ROOT_CLASS = YES_ERROR;
				CLANG_WARN_SUSPICIOUS_MOVE = YES;
				CLANG_WARN_UNREACHABLE_CODE = YES;
				CLANG_WARN__DUPLICATE_METHOD_MATCH = YES;
				"CODE_SIGN_IDENTITY[sdk=iphoneos*]" = "iPhone Developer";
				COPY_PHASE_STRIP = NO;
				DEBUG_INFORMATION_FORMAT = dwarf;
				ENABLE_STRICT_OBJC_MSGSEND = YES;
				ENABLE_TESTABILITY = YES;
				GCC_C_LANGUAGE_STANDARD = gnu99;
				GCC_DYNAMIC_NO_PIC = NO;
				GCC_NO_COMMON_BLOCKS = YES;
				GCC_OPTIMIZATION_LEVEL = 0;
				GCC_PREPROCESSOR_DEFINITIONS = (
					"DEBUG=1",
					"$(inherited)",
				);
				GCC_WARN_64_TO_32_BIT_CONVERSION = YES;
				GCC_WARN_ABOUT_RETURN_TYPE = YES_ERROR;
				GCC_WARN_UNDECLARED_SELECTOR = YES;
				GCC_WARN_UNINITIALIZED_AUTOS = YES_AGGRESSIVE;
				GCC_WARN_UNUSED_FUNCTION = YES;
				GCC_WARN_UNUSED_VARIABLE = YES;
				IPHONEOS_DEPLOYMENT_TARGET = 10.3;
				MTL_ENABLE_DEBUG_INFO = YES;
				ONLY_ACTIVE_ARCH = YES;
				SDKROOT = iphoneos;
				SWIFT_ACTIVE_COMPILATION_CONDITIONS = DEBUG;
				SWIFT_OPTIMIZATION_LEVEL = "-Onone";
			};
			name = Debug;
		};
		BF7878601F00F2C9000FB7C6 /* Release */ = {
			isa = XCBuildConfiguration;
			buildSettings = {
				ALWAYS_SEARCH_USER_PATHS = NO;
				CLANG_ANALYZER_NONNULL = YES;
				CLANG_ANALYZER_NUMBER_OBJECT_CONVERSION = YES_AGGRESSIVE;
				CLANG_CXX_LANGUAGE_STANDARD = "gnu++0x";
				CLANG_CXX_LIBRARY = "libc++";
				CLANG_ENABLE_MODULES = YES;
				CLANG_ENABLE_OBJC_ARC = YES;
				CLANG_WARN_BOOL_CONVERSION = YES;
				CLANG_WARN_CONSTANT_CONVERSION = YES;
				CLANG_WARN_DIRECT_OBJC_ISA_USAGE = YES_ERROR;
				CLANG_WARN_DOCUMENTATION_COMMENTS = YES;
				CLANG_WARN_EMPTY_BODY = YES;
				CLANG_WARN_ENUM_CONVERSION = YES;
				CLANG_WARN_INFINITE_RECURSION = YES;
				CLANG_WARN_INT_CONVERSION = YES;
				CLANG_WARN_OBJC_ROOT_CLASS = YES_ERROR;
				CLANG_WARN_SUSPICIOUS_MOVE = YES;
				CLANG_WARN_UNREACHABLE_CODE = YES;
				CLANG_WARN__DUPLICATE_METHOD_MATCH = YES;
				"CODE_SIGN_IDENTITY[sdk=iphoneos*]" = "iPhone Developer";
				COPY_PHASE_STRIP = NO;
				DEBUG_INFORMATION_FORMAT = "dwarf-with-dsym";
				ENABLE_NS_ASSERTIONS = NO;
				ENABLE_STRICT_OBJC_MSGSEND = YES;
				GCC_C_LANGUAGE_STANDARD = gnu99;
				GCC_NO_COMMON_BLOCKS = YES;
				GCC_WARN_64_TO_32_BIT_CONVERSION = YES;
				GCC_WARN_ABOUT_RETURN_TYPE = YES_ERROR;
				GCC_WARN_UNDECLARED_SELECTOR = YES;
				GCC_WARN_UNINITIALIZED_AUTOS = YES_AGGRESSIVE;
				GCC_WARN_UNUSED_FUNCTION = YES;
				GCC_WARN_UNUSED_VARIABLE = YES;
				IPHONEOS_DEPLOYMENT_TARGET = 10.3;
				MTL_ENABLE_DEBUG_INFO = NO;
				SDKROOT = iphoneos;
				SWIFT_OPTIMIZATION_LEVEL = "-Owholemodule";
				VALIDATE_PRODUCT = YES;
			};
			name = Release;
		};
		BF7878621F00F2C9000FB7C6 /* Debug */ = {
			isa = XCBuildConfiguration;
			baseConfigurationReference = F7F285DE9E9D46F1E363EF9D /* Pods-Meow.debug.xcconfig */;
			buildSettings = {
				ASSETCATALOG_COMPILER_APPICON_NAME = AppIcon;
				INFOPLIST_FILE = Meow/Info.plist;
				IPHONEOS_DEPLOYMENT_TARGET = 9.0;
				LD_RUNPATH_SEARCH_PATHS = "$(inherited) @executable_path/Frameworks";
				PRODUCT_BUNDLE_IDENTIFIER = me.sjtumeow.Meow;
				PRODUCT_NAME = "$(TARGET_NAME)";
				SWIFT_OBJC_BRIDGING_HEADER = "meow/Meow-Bridge.h";
				SWIFT_VERSION = 3.0;
			};
			name = Debug;
		};
		BF7878631F00F2C9000FB7C6 /* Release */ = {
			isa = XCBuildConfiguration;
			baseConfigurationReference = F4EAF4C51299AB8CB42357F2 /* Pods-Meow.release.xcconfig */;
			buildSettings = {
				ASSETCATALOG_COMPILER_APPICON_NAME = AppIcon;
				INFOPLIST_FILE = Meow/Info.plist;
				IPHONEOS_DEPLOYMENT_TARGET = 9.0;
				LD_RUNPATH_SEARCH_PATHS = "$(inherited) @executable_path/Frameworks";
				PRODUCT_BUNDLE_IDENTIFIER = me.sjtumeow.Meow;
				PRODUCT_NAME = "$(TARGET_NAME)";
				SWIFT_OBJC_BRIDGING_HEADER = "meow/Meow-Bridge.h";
				SWIFT_VERSION = 3.0;
			};
			name = Release;
		};
		BF7878651F00F2C9000FB7C6 /* Debug */ = {
			isa = XCBuildConfiguration;
			baseConfigurationReference = A08DD2E53506F36693AD12C5 /* Pods-MeowTests.debug.xcconfig */;
			buildSettings = {
				ALWAYS_EMBED_SWIFT_STANDARD_LIBRARIES = YES;
				BUNDLE_LOADER = "$(TEST_HOST)";
				INFOPLIST_FILE = MeowTests/Info.plist;
				LD_RUNPATH_SEARCH_PATHS = "$(inherited) @executable_path/Frameworks @loader_path/Frameworks";
				PRODUCT_BUNDLE_IDENTIFIER = me.sjtumeow.MeowTests;
				PRODUCT_NAME = "$(TARGET_NAME)";
				SWIFT_VERSION = 3.0;
				TEST_HOST = "$(BUILT_PRODUCTS_DIR)/Meow.app/Meow";
			};
			name = Debug;
		};
		BF7878661F00F2C9000FB7C6 /* Release */ = {
			isa = XCBuildConfiguration;
			baseConfigurationReference = CA79F670B8B78BFA429DA2B5 /* Pods-MeowTests.release.xcconfig */;
			buildSettings = {
				ALWAYS_EMBED_SWIFT_STANDARD_LIBRARIES = YES;
				BUNDLE_LOADER = "$(TEST_HOST)";
				INFOPLIST_FILE = MeowTests/Info.plist;
				LD_RUNPATH_SEARCH_PATHS = "$(inherited) @executable_path/Frameworks @loader_path/Frameworks";
				PRODUCT_BUNDLE_IDENTIFIER = me.sjtumeow.MeowTests;
				PRODUCT_NAME = "$(TARGET_NAME)";
				SWIFT_VERSION = 3.0;
				TEST_HOST = "$(BUILT_PRODUCTS_DIR)/Meow.app/Meow";
			};
			name = Release;
		};
		BF7878681F00F2C9000FB7C6 /* Debug */ = {
			isa = XCBuildConfiguration;
			baseConfigurationReference = D3373C17F9AC2E37EA35D5CF /* Pods-MeowUITests.debug.xcconfig */;
			buildSettings = {
				ALWAYS_EMBED_SWIFT_STANDARD_LIBRARIES = YES;
				INFOPLIST_FILE = MeowUITests/Info.plist;
				LD_RUNPATH_SEARCH_PATHS = "$(inherited) @executable_path/Frameworks @loader_path/Frameworks";
				PRODUCT_BUNDLE_IDENTIFIER = me.sjtumeow.MeowUITests;
				PRODUCT_NAME = "$(TARGET_NAME)";
				SWIFT_VERSION = 3.0;
				TEST_TARGET_NAME = Meow;
			};
			name = Debug;
		};
		BF7878691F00F2C9000FB7C6 /* Release */ = {
			isa = XCBuildConfiguration;
			baseConfigurationReference = 8858B54026EC68FEB34336F5 /* Pods-MeowUITests.release.xcconfig */;
			buildSettings = {
				ALWAYS_EMBED_SWIFT_STANDARD_LIBRARIES = YES;
				INFOPLIST_FILE = MeowUITests/Info.plist;
				LD_RUNPATH_SEARCH_PATHS = "$(inherited) @executable_path/Frameworks @loader_path/Frameworks";
				PRODUCT_BUNDLE_IDENTIFIER = me.sjtumeow.MeowUITests;
				PRODUCT_NAME = "$(TARGET_NAME)";
				SWIFT_VERSION = 3.0;
				TEST_TARGET_NAME = Meow;
			};
			name = Release;
		};
/* End XCBuildConfiguration section */

/* Begin XCConfigurationList section */
		BF7878341F00F2C9000FB7C6 /* Build configuration list for PBXProject "Meow" */ = {
			isa = XCConfigurationList;
			buildConfigurations = (
				BF78785F1F00F2C9000FB7C6 /* Debug */,
				BF7878601F00F2C9000FB7C6 /* Release */,
			);
			defaultConfigurationIsVisible = 0;
			defaultConfigurationName = Release;
		};
		BF7878611F00F2C9000FB7C6 /* Build configuration list for PBXNativeTarget "Meow" */ = {
			isa = XCConfigurationList;
			buildConfigurations = (
				BF7878621F00F2C9000FB7C6 /* Debug */,
				BF7878631F00F2C9000FB7C6 /* Release */,
			);
			defaultConfigurationIsVisible = 0;
			defaultConfigurationName = Release;
		};
		BF7878641F00F2C9000FB7C6 /* Build configuration list for PBXNativeTarget "MeowTests" */ = {
			isa = XCConfigurationList;
			buildConfigurations = (
				BF7878651F00F2C9000FB7C6 /* Debug */,
				BF7878661F00F2C9000FB7C6 /* Release */,
			);
			defaultConfigurationIsVisible = 0;
			defaultConfigurationName = Release;
		};
		BF7878671F00F2C9000FB7C6 /* Build configuration list for PBXNativeTarget "MeowUITests" */ = {
			isa = XCConfigurationList;
			buildConfigurations = (
				BF7878681F00F2C9000FB7C6 /* Debug */,
				BF7878691F00F2C9000FB7C6 /* Release */,
			);
			defaultConfigurationIsVisible = 0;
			defaultConfigurationName = Release;
		};
/* End XCConfigurationList section */
	};
	rootObject = BF7878311F00F2C9000FB7C6 /* Project object */;
}
