PODS:
  - AFNetworking (3.1.0):
    - AFNetworking/NSURLSession (= 3.1.0)
    - AFNetworking/Reachability (= 3.1.0)
    - AFNetworking/Security (= 3.1.0)
    - AFNetworking/Serialization (= 3.1.0)
    - AFNetworking/UIKit (= 3.1.0)
  - AFNetworking/NSURLSession (3.1.0):
    - AFNetworking/Reachability
    - AFNetworking/Security
    - AFNetworking/Serialization
  - AFNetworking/Reachability (3.1.0)
  - AFNetworking/Security (3.1.0)
  - AFNetworking/Serialization (3.1.0)
  - AFNetworking/UIKit (3.1.0):
    - AFNetworking/NSURLSession
  - Alamofire (4.5.0)
  - AlamofireImage (3.2.0):
    - Alamofire (~> 4.1)
  - AVOSCloud (5.0.2)
  - DateToolsSwift (2.0.3)
  - HappyDNS (0.3.10)
  - ImageSlideshow (1.3.2):
    - ImageSlideshow/Core (= 1.3.2)
  - ImageSlideshow/Alamofire (1.3.2):
    - AlamofireImage (~> 3.0)
    - ImageSlideshow/Core
  - ImageSlideshow/Core (1.3.2)
  - Keys (1.0.0)
  - Moya/Core (8.0.5):
    - Alamofire (~> 4.1)
    - Result (~> 3.0)
  - Moya/RxSwift (8.0.5):
    - Moya/Core
    - RxSwift (~> 3.0)
  - PKHUD (4.2.3)
  - Qiniu (7.1.5):
    - AFNetworking (~> 3)
    - HappyDNS (~> 0.3)
  - R.swift (3.3.0):
    - R.swift.Library (~> 3.0.2)
  - R.swift.Library (3.0.2)
  - Result (3.2.3)
  - RxSwift (3.5.0)
  - SwiftyJSON (3.1.4)

DEPENDENCIES:
  - AVOSCloud
  - DateToolsSwift
  - ImageSlideshow
  - ImageSlideshow/Alamofire
  - Keys (from `Pods/CocoaPodsKeys`)
  - Moya/RxSwift
  - PKHUD (~> 4.0)
  - Qiniu
  - R.swift
  - SwiftyJSON

EXTERNAL SOURCES:
  Keys:
    :path: Pods/CocoaPodsKeys

SPEC CHECKSUMS:
  AFNetworking: 5e0e199f73d8626b11e79750991f5d173d1f8b67
  Alamofire: f28cdffd29de33a7bfa022cbd63ae95a27fae140
  AlamofireImage: 157ed682cc81d3b9db4fb90c1f12180ac552d93b
  AVOSCloud: 01745f438fb9ef4f2cde2b992783a869cc1291e6
  DateToolsSwift: bf69bf9056d9e53c5c03f06e51f219b9b8b02f9e
  HappyDNS: 06a9fed2796663fd87626dbf02552933265bf059
  ImageSlideshow: a68a76fc618ebd2b7481ce355ad67d7097203976
  Keys: 9c35bf00f612ee1d48556f4a4b9b4551e224e90f
  Moya: c37eec09a098ba9991b5a963b291fc5704bdb9ef
  PKHUD: c7692163a09875cbf15827dc581df3c5cf7f1015
  Qiniu: 77a3dba411556a383d72d17e842345a9d4c83252
  R.swift: bde9704d50ff36820f49e266bc88ef545e1e9b36
  R.swift.Library: fbdec16c9802ad104fc1ba53415dc190e6ec5c73
  Result: 128640a6347e8d2ae48b142556739a2d13f90ce6
  RxSwift: 18ee9d78b45edb3b0b7e79916b47a116e6dbc842
  SwiftyJSON: c2842d878f95482ffceec5709abc3d05680c0220

PODFILE CHECKSUM: 81440b5ba69aa1a15d76227caa42e5ef799b4bde

COCOAPODS: 1.2.1
